
Microsoft Visual Studio Solution File, Format Version 12.00
# Visual Studio Version 16
VisualStudioVersion = 16.0.31702.278
MinimumVisualStudioVersion = 10.0.40219.1
Project("{FAE04EC0-301F-11D3-BF4B-00C04F79EFBC}") = "i10", "i10\i10.csproj", "{3B1BEE24-10B7-4A5F-8DB8-234626100355}"
EndProject
Global
	GlobalSection(SolutionConfigurationPlatforms) = preSolution
		Debug|Any CPU = Debug|Any CPU
		Release|Any CPU = Release|Any CPU
	EndGlobalSection
	GlobalSection(ProjectConfigurationPlatforms) = postSolution
		{3B1BEE24-10B7-4A5F-8DB8-234626100355}.Debug|Any CPU.ActiveCfg = Debug|Any CPU
		{3B1BEE24-10B7-4A5F-8DB8-234626100355}.Debug|Any CPU.Build.0 = Debug|Any CPU
		{3B1BEE24-10B7-4A5F-8DB8-234626100355}.Release|Any CPU.ActiveCfg = Release|Any CPU
		{3B1BEE24-10B7-4A5F-8DB8-234626100355}.Release|Any CPU.Build.0 = Release|Any CPU
	EndGlobalSection
	GlobalSection(SolutionProperties) = preSolution
		HideSolutionNode = FALSE
	EndGlobalSection
	GlobalSection(ExtensibilityGlobals) = postSolution
		SolutionGuid = {794E967B-F806-4B0E-BF65-A55FB7F895DA}
	EndGlobalSection
EndGlobal
